
Microsoft Visual Studio Solution File, Format Version 12.00
# Visual Studio Version 17
VisualStudioVersion = 17.0.31919.166
MinimumVisualStudioVersion = 10.0.40219.1
Project("{FAE04EC0-301F-11D3-BF4B-00C04F79EFBC}") = "GameCenter.Api", "GameCenter.Api\GameCenter.Api.csproj", "{F69BA348-ED95-49D5-9E56-AD7DAFA61256}"
EndProject
Project("{FAE04EC0-301F-11D3-BF4B-00C04F79EFBC}") = "GameCenter.Business", "GameCenter.Business\GameCenter.Business.csproj", "{2C502179-696C-40FF-A264-19D522DD9CCE}"
EndProject
Project("{FAE04EC0-301F-11D3-BF4B-00C04F79EFBC}") = "GameCenter.Models", "GameCenter.Models\GameCenter.Models.csproj", "{23B35ED0-87C5-4A3E-9AFE-D84F25A88765}"
EndProject
Project("{FAE04EC0-301F-11D3-BF4B-00C04F79EFBC}") = "GameCenter.DataAccess", "GameCenter.DataAccess\GameCenter.DataAccess.csproj", "{C337D8D8-376D-43FC-A9FA-9A38D80391E7}"
EndProject
Global
	GlobalSection(SolutionConfigurationPlatforms) = preSolution
		Debug|Any CPU = Debug|Any CPU
		Release|Any CPU = Release|Any CPU
	EndGlobalSection
	GlobalSection(ProjectConfigurationPlatforms) = postSolution
		{F69BA348-ED95-49D5-9E56-AD7DAFA61256}.Debug|Any CPU.ActiveCfg = Debug|Any CPU
		{F69BA348-ED95-49D5-9E56-AD7DAFA61256}.Debug|Any CPU.Build.0 = Debug|Any CPU
		{F69BA348-ED95-49D5-9E56-AD7DAFA61256}.Release|Any CPU.ActiveCfg = Release|Any CPU
		{F69BA348-ED95-49D5-9E56-AD7DAFA61256}.Release|Any CPU.Build.0 = Release|Any CPU
		{2C502179-696C-40FF-A264-19D522DD9CCE}.Debug|Any CPU.ActiveCfg = Debug|Any CPU
		{2C502179-696C-40FF-A264-19D522DD9CCE}.Debug|Any CPU.Build.0 = Debug|Any CPU
		{2C502179-696C-40FF-A264-19D522DD9CCE}.Release|Any CPU.ActiveCfg = Release|Any CPU
		{2C502179-696C-40FF-A264-19D522DD9CCE}.Release|Any CPU.Build.0 = Release|Any CPU
		{23B35ED0-87C5-4A3E-9AFE-D84F25A88765}.Debug|Any CPU.ActiveCfg = Debug|Any CPU
		{23B35ED0-87C5-4A3E-9AFE-D84F25A88765}.Debug|Any CPU.Build.0 = Debug|Any CPU
		{23B35ED0-87C5-4A3E-9AFE-D84F25A88765}.Release|Any CPU.ActiveCfg = Release|Any CPU
		{23B35ED0-87C5-4A3E-9AFE-D84F25A88765}.Release|Any CPU.Build.0 = Release|Any CPU
		{C337D8D8-376D-43FC-A9FA-9A38D80391E7}.Debug|Any CPU.ActiveCfg = Debug|Any CPU
		{C337D8D8-376D-43FC-A9FA-9A38D80391E7}.Debug|Any CPU.Build.0 = Debug|Any CPU
		{C337D8D8-376D-43FC-A9FA-9A38D80391E7}.Release|Any CPU.ActiveCfg = Release|Any CPU
		{C337D8D8-376D-43FC-A9FA-9A38D80391E7}.Release|Any CPU.Build.0 = Release|Any CPU
	EndGlobalSection
	GlobalSection(SolutionProperties) = preSolution
		HideSolutionNode = FALSE
	EndGlobalSection
	GlobalSection(ExtensibilityGlobals) = postSolution
		SolutionGuid = {649A0B1F-4790-4A5C-A205-693C4E832D6C}
	EndGlobalSection
EndGlobal
