
Microsoft Visual Studio Solution File, Format Version 12.00
# Visual Studio Version 17
VisualStudioVersion = 17.1.32328.378
MinimumVisualStudioVersion = 10.0.40219.1
Project("{9A19103F-16F7-4668-BE54-9A1E7A4F7556}") = "GameCenter.Server", "GameCenter.Server\GameCenter.Server.csproj", "{A9EC75F1-DE50-40F2-B542-C786890CA57C}"
EndProject
Project("{FAE04EC0-301F-11D3-BF4B-00C04F79EFBC}") = "GameCenter.Business", "GameCenter.Business\GameCenter.Business.csproj", "{75AA1016-75CA-4A2A-AF71-B426AE2601D8}"
EndProject
Project("{FAE04EC0-301F-11D3-BF4B-00C04F79EFBC}") = "GameCenter.DataAccess", "GameCenter.DataAccess\GameCenter.DataAccess.csproj", "{18003945-CC0C-4DBC-A8C3-2E561D02AAD0}"
EndProject
Project("{FAE04EC0-301F-11D3-BF4B-00C04F79EFBC}") = "GameCenter.Models", "GameCenter.Models\GameCenter.Models.csproj", "{A99C972D-8CFE-4F11-AC8C-0A4FD08B23B7}"
EndProject
Global
	GlobalSection(SolutionConfigurationPlatforms) = preSolution
		Debug|Any CPU = Debug|Any CPU
		Release|Any CPU = Release|Any CPU
	EndGlobalSection
	GlobalSection(ProjectConfigurationPlatforms) = postSolution
		{A9EC75F1-DE50-40F2-B542-C786890CA57C}.Debug|Any CPU.ActiveCfg = Debug|Any CPU
		{A9EC75F1-DE50-40F2-B542-C786890CA57C}.Debug|Any CPU.Build.0 = Debug|Any CPU
		{A9EC75F1-DE50-40F2-B542-C786890CA57C}.Release|Any CPU.ActiveCfg = Release|Any CPU
		{A9EC75F1-DE50-40F2-B542-C786890CA57C}.Release|Any CPU.Build.0 = Release|Any CPU
		{75AA1016-75CA-4A2A-AF71-B426AE2601D8}.Debug|Any CPU.ActiveCfg = Debug|Any CPU
		{75AA1016-75CA-4A2A-AF71-B426AE2601D8}.Debug|Any CPU.Build.0 = Debug|Any CPU
		{75AA1016-75CA-4A2A-AF71-B426AE2601D8}.Release|Any CPU.ActiveCfg = Release|Any CPU
		{75AA1016-75CA-4A2A-AF71-B426AE2601D8}.Release|Any CPU.Build.0 = Release|Any CPU
		{18003945-CC0C-4DBC-A8C3-2E561D02AAD0}.Debug|Any CPU.ActiveCfg = Debug|Any CPU
		{18003945-CC0C-4DBC-A8C3-2E561D02AAD0}.Debug|Any CPU.Build.0 = Debug|Any CPU
		{18003945-CC0C-4DBC-A8C3-2E561D02AAD0}.Release|Any CPU.ActiveCfg = Release|Any CPU
		{18003945-CC0C-4DBC-A8C3-2E561D02AAD0}.Release|Any CPU.Build.0 = Release|Any CPU
		{A99C972D-8CFE-4F11-AC8C-0A4FD08B23B7}.Debug|Any CPU.ActiveCfg = Debug|Any CPU
		{A99C972D-8CFE-4F11-AC8C-0A4FD08B23B7}.Debug|Any CPU.Build.0 = Debug|Any CPU
		{A99C972D-8CFE-4F11-AC8C-0A4FD08B23B7}.Release|Any CPU.ActiveCfg = Release|Any CPU
		{A99C972D-8CFE-4F11-AC8C-0A4FD08B23B7}.Release|Any CPU.Build.0 = Release|Any CPU
	EndGlobalSection
	GlobalSection(SolutionProperties) = preSolution
		HideSolutionNode = FALSE
	EndGlobalSection
	GlobalSection(ExtensibilityGlobals) = postSolution
		SolutionGuid = {4D20107C-1A24-4373-8D0B-998E9E798357}
	EndGlobalSection
EndGlobal
